Microsoft Visual Studio Solution File, Format Version 12.00
# Visual Studio Version 17
VisualStudioVersion = 17.1.32319.34
MinimumVisualStudioVersion = 10.0.40219.1
Project("{8BC9CEB8-8B4A-11D0-8D11-00A0C91BC942}") = "scripts", "scripts\scripts.vcxproj", "{9B549C98-0BF4-4092-AE2A-AD7F780F8405}"
EndProject
Project("{8BC9CEB8-8B4A-11D0-8D11-00A0C91BC942}") = "MemoryManager", "MemoryManager\MemoryManager.vcxproj", "{2FEF1C76-9E4A-4921-B2D3-E536DA918810}"
EndProject
Project("{8BC9CEB8-8B4A-11D0-8D11-00A0C91BC942}") = "shared", "shared\shared.vcxproj", "{6636E311-E860-4F52-9D23-FE38E38D6020}"
EndProject
Project("{8BC9CEB8-8B4A-11D0-8D11-00A0C91BC942}") = "BattleView", "BattleView\BattleView.vcxproj", "{6114E85D-E34C-4FF3-8C9A-C2164790D7FE}"
EndProject
Global
	GlobalSection(SolutionConfigurationPlatforms) = preSolution
		Debug SSGM|Win32 = Debug SSGM|Win32
		Debug|Win32 = Debug|Win32
		Release SSGM|Win32 = Release SSGM|Win32
		Release|Win32 = Release|Win32
	EndGlobalSection
	GlobalSection(ProjectConfigurationPlatforms) = postSolution
		{9B549C98-0BF4-4092-AE2A-AD7F780F8405}.Debug SSGM|Win32.ActiveCfg = Debug SSGM|Win32
		{9B549C98-0BF4-4092-AE2A-AD7F780F8405}.Debug SSGM|Win32.Build.0 = Debug SSGM|Win32
		{9B549C98-0BF4-4092-AE2A-AD7F780F8405}.Debug|Win32.ActiveCfg = Debug|Win32
		{9B549C98-0BF4-4092-AE2A-AD7F780F8405}.Debug|Win32.Build.0 = Debug|Win32
		{9B549C98-0BF4-4092-AE2A-AD7F780F8405}.Release SSGM|Win32.ActiveCfg = Release SSGM|Win32
		{9B549C98-0BF4-4092-AE2A-AD7F780F8405}.Release SSGM|Win32.Build.0 = Release SSGM|Win32
		{9B549C98-0BF4-4092-AE2A-AD7F780F8405}.Release|Win32.ActiveCfg = Release|Win32
		{9B549C98-0BF4-4092-AE2A-AD7F780F8405}.Release|Win32.Build.0 = Release|Win32
		{2FEF1C76-9E4A-4921-B2D3-E536DA918810}.Debug SSGM|Win32.ActiveCfg = Debug|Win32
		{2FEF1C76-9E4A-4921-B2D3-E536DA918810}.Debug SSGM|Win32.Build.0 = Debug|Win32
		{2FEF1C76-9E4A-4921-B2D3-E536DA918810}.Debug|Win32.ActiveCfg = Debug|Win32
		{2FEF1C76-9E4A-4921-B2D3-E536DA918810}.Debug|Win32.Build.0 = Debug|Win32
		{2FEF1C76-9E4A-4921-B2D3-E536DA918810}.Release SSGM|Win32.ActiveCfg = Release|Win32
		{2FEF1C76-9E4A-4921-B2D3-E536DA918810}.Release SSGM|Win32.Build.0 = Release|Win32
		{2FEF1C76-9E4A-4921-B2D3-E536DA918810}.Release|Win32.ActiveCfg = Release|Win32
		{2FEF1C76-9E4A-4921-B2D3-E536DA918810}.Release|Win32.Build.0 = Release|Win32
		{6636E311-E860-4F52-9D23-FE38E38D6020}.Debug SSGM|Win32.ActiveCfg = Debug|Win32
		{6636E311-E860-4F52-9D23-FE38E38D6020}.Debug SSGM|Win32.Build.0 = Debug|Win32
		{6636E311-E860-4F52-9D23-FE38E38D6020}.Debug|Win32.ActiveCfg = Debug|Win32
		{6636E311-E860-4F52-9D23-FE38E38D6020}.Debug|Win32.Build.0 = Debug|Win32
		{6636E311-E860-4F52-9D23-FE38E38D6020}.Release SSGM|Win32.ActiveCfg = Release|Win32
		{6636E311-E860-4F52-9D23-FE38E38D6020}.Release SSGM|Win32.Build.0 = Release|Win32
		{6636E311-E860-4F52-9D23-FE38E38D6020}.Release|Win32.ActiveCfg = Release|Win32
		{6636E311-E860-4F52-9D23-FE38E38D6020}.Release|Win32.Build.0 = Release|Win32
		{6114E85D-E34C-4FF3-8C9A-C2164790D7FE}.Debug SSGM|Win32.ActiveCfg = Debug SSGM|Win32
		{6114E85D-E34C-4FF3-8C9A-C2164790D7FE}.Debug SSGM|Win32.Build.0 = Debug SSGM|Win32
		{6114E85D-E34C-4FF3-8C9A-C2164790D7FE}.Debug|Win32.ActiveCfg = Debug SSGM|Win32
		{6114E85D-E34C-4FF3-8C9A-C2164790D7FE}.Debug|Win32.Build.0 = Debug SSGM|Win32
		{6114E85D-E34C-4FF3-8C9A-C2164790D7FE}.Release SSGM|Win32.ActiveCfg = Release SSGM|Win32
		{6114E85D-E34C-4FF3-8C9A-C2164790D7FE}.Release SSGM|Win32.Build.0 = Release SSGM|Win32
		{6114E85D-E34C-4FF3-8C9A-C2164790D7FE}.Release|Win32.ActiveCfg = Release SSGM|Win32
		{6114E85D-E34C-4FF3-8C9A-C2164790D7FE}.Release|Win32.Build.0 = Release SSGM|Win32
	EndGlobalSection
	GlobalSection(SolutionProperties) = preSolution
		HideSolutionNode = FALSE
	EndGlobalSection
	GlobalSection(ExtensibilityGlobals) = postSolution
		SolutionGuid = {138DC910-ACDB-42ED-8E51-802E02D79FB0}
	EndGlobalSection
EndGlobal
